
Microsoft Visual Studio Solution File, Format Version 12.00
# Visual Studio 15
VisualStudioVersion = 15.0.28307.1000
MinimumVisualStudioVersion = 10.0.40219.1
Project("{FAE04EC0-301F-11D3-BF4B-00C04F79EFBC}") = "DiretoriaEscolar.Infra.Data", "DiretoriaEscolar.Infra.Data\DiretoriaEscolar.Infra.Data.csproj", "{39A828B8-D491-474E-82FE-1CE2B7B65CC8}"
EndProject
Project("{FAE04EC0-301F-11D3-BF4B-00C04F79EFBC}") = "DiretoriaEscolar.Domain", "DiretoriaEscolar.Domain\DiretoriaEscolar.Domain.csproj", "{CA69AE34-2660-4A2A-85B7-3113F3BCA483}"
EndProject
Project("{FAE04EC0-301F-11D3-BF4B-00C04F79EFBC}") = "DiretoriaEscolar.Application", "DiretoriaEscolar.Application\DiretoriaEscolar.Application.csproj", "{724746E1-23A0-4311-9B35-C6A6686D648A}"
EndProject
Project("{FAE04EC0-301F-11D3-BF4B-00C04F79EFBC}") = "DiretoriaEscolar.WebForms", "DiretoriaEscolar.WebForms\DiretoriaEscolar.WebForms.csproj", "{1C569A5C-365B-4834-B104-7E2CE8F2FA5C}"
	ProjectSection(ProjectDependencies) = postProject
		{724746E1-23A0-4311-9B35-C6A6686D648A} = {724746E1-23A0-4311-9B35-C6A6686D648A}
	EndProjectSection
EndProject
Global
	GlobalSection(SolutionConfigurationPlatforms) = preSolution
		Debug|Any CPU = Debug|Any CPU
		Release|Any CPU = Release|Any CPU
	EndGlobalSection
	GlobalSection(ProjectConfigurationPlatforms) = postSolution
		{39A828B8-D491-474E-82FE-1CE2B7B65CC8}.Debug|Any CPU.ActiveCfg = Debug|Any CPU
		{39A828B8-D491-474E-82FE-1CE2B7B65CC8}.Debug|Any CPU.Build.0 = Debug|Any CPU
		{39A828B8-D491-474E-82FE-1CE2B7B65CC8}.Release|Any CPU.ActiveCfg = Release|Any CPU
		{39A828B8-D491-474E-82FE-1CE2B7B65CC8}.Release|Any CPU.Build.0 = Release|Any CPU
		{CA69AE34-2660-4A2A-85B7-3113F3BCA483}.Debug|Any CPU.ActiveCfg = Debug|Any CPU
		{CA69AE34-2660-4A2A-85B7-3113F3BCA483}.Debug|Any CPU.Build.0 = Debug|Any CPU
		{CA69AE34-2660-4A2A-85B7-3113F3BCA483}.Release|Any CPU.ActiveCfg = Release|Any CPU
		{CA69AE34-2660-4A2A-85B7-3113F3BCA483}.Release|Any CPU.Build.0 = Release|Any CPU
		{724746E1-23A0-4311-9B35-C6A6686D648A}.Debug|Any CPU.ActiveCfg = Debug|Any CPU
		{724746E1-23A0-4311-9B35-C6A6686D648A}.Debug|Any CPU.Build.0 = Debug|Any CPU
		{724746E1-23A0-4311-9B35-C6A6686D648A}.Release|Any CPU.ActiveCfg = Release|Any CPU
		{724746E1-23A0-4311-9B35-C6A6686D648A}.Release|Any CPU.Build.0 = Release|Any CPU
		{1C569A5C-365B-4834-B104-7E2CE8F2FA5C}.Debug|Any CPU.ActiveCfg = Debug|Any CPU
		{1C569A5C-365B-4834-B104-7E2CE8F2FA5C}.Debug|Any CPU.Build.0 = Debug|Any CPU
		{1C569A5C-365B-4834-B104-7E2CE8F2FA5C}.Release|Any CPU.ActiveCfg = Release|Any CPU
		{1C569A5C-365B-4834-B104-7E2CE8F2FA5C}.Release|Any CPU.Build.0 = Release|Any CPU
	EndGlobalSection
	GlobalSection(SolutionProperties) = preSolution
		HideSolutionNode = FALSE
	EndGlobalSection
	GlobalSection(ExtensibilityGlobals) = postSolution
		SolutionGuid = {A82F74C5-238E-4808-A8E6-3C33BE097B39}
	EndGlobalSection
EndGlobal
